// !$*UTF8*$!
{
	archiveVersion = 1;
	classes = {
	};
	objectVersion = 56;
	objects = {

/* Begin PBXBuildFile section */
		5D7930DD2B47E16000A1335E /* ContentView.swift in Sources */ = {isa = PBXBuildFile; fileRef = 5D7930DC2B47E16000A1335E /* ContentView.swift */; };
		5D7930DF2B47E16100A1335E /* Assets.xcassets in Resources */ = {isa = PBXBuildFile; fileRef = 5D7930DE2B47E16100A1335E /* Assets.xcassets */; };
		5D7930E22B47E16100A1335E /* Preview Assets.xcassets in Resources */ = {isa = PBXBuildFile; fileRef = 5D7930E12B47E16100A1335E /* Preview Assets.xcassets */; };
		5D7930F02B47E28400A1335E /* NatenWorking in Frameworks */ = {isa = PBXBuildFile; productRef = 5D7930EF2B47E28400A1335E /* NatenWorking */; };
		5D7930F82B47F2B700A1335E /* PersonsView.swift in Sources */ = {isa = PBXBuildFile; fileRef = 5D7930F72B47F2B700A1335E /* PersonsView.swift */; };
		5D7930FC2B47F2DF00A1335E /* CinemaMoviesView.swift in Sources */ = {isa = PBXBuildFile; fileRef = 5D7930FB2B47F2DF00A1335E /* CinemaMoviesView.swift */; };
		5D7930FE2B47F2ED00A1335E /* TVSeriesOnAirView.swift in Sources */ = {isa = PBXBuildFile; fileRef = 5D7930FD2B47F2ED00A1335E /* TVSeriesOnAirView.swift */; };
		5D79312E2B49B39100A1335E /* CinemaMoviesViewModel.swift in Sources */ = {isa = PBXBuildFile; fileRef = 5D79312D2B49B39100A1335E /* CinemaMoviesViewModel.swift */; };
		5D7931332B49B3F600A1335E /* CinemaMovieGridView.swift in Sources */ = {isa = PBXBuildFile; fileRef = 5D7931322B49B3F600A1335E /* CinemaMovieGridView.swift */; };
		5D7931392B49C9CD00A1335E /* CollabSwiftUIGroup3App.swift in Sources */ = {isa = PBXBuildFile; fileRef = 5D7930DA2B47E16000A1335E /* CollabSwiftUIGroup3App.swift */; };
		5D79313A2B49CDCF00A1335E /* MoviesView.swift in Sources */ = {isa = PBXBuildFile; fileRef = 5D7930F52B47F2AA00A1335E /* MoviesView.swift */; };
		5D79313D2B49DA2800A1335E /* AppMoviesResponse.swift in Sources */ = {isa = PBXBuildFile; fileRef = 5D79313C2B49DA2800A1335E /* AppMoviesResponse.swift */; };
		5D7931422B49DC9700A1335E /* Color+Extensions.swift in Sources */ = {isa = PBXBuildFile; fileRef = 5D7931412B49DC9700A1335E /* Color+Extensions.swift */; };
		5D7931442B49DE4F00A1335E /* AppReviewsResponse.swift in Sources */ = {isa = PBXBuildFile; fileRef = 5D7931432B49DE4F00A1335E /* AppReviewsResponse.swift */; };
		5D7931462B49DEED00A1335E /* AppPersonsResponse.swift in Sources */ = {isa = PBXBuildFile; fileRef = 5D7931452B49DEED00A1335E /* AppPersonsResponse.swift */; };
		5D7931492B49E06000A1335E /* AppGridView.swift in Sources */ = {isa = PBXBuildFile; fileRef = 5D7931482B49E06000A1335E /* AppGridView.swift */; };
		5D79314B2B49E09700A1335E /* AppReviewsView.swift in Sources */ = {isa = PBXBuildFile; fileRef = 5D79314A2B49E09700A1335E /* AppReviewsView.swift */; };
		5D79314D2B49E3DE00A1335E /* AppMovieSeriesResponse.swift in Sources */ = {isa = PBXBuildFile; fileRef = 5D79314C2B49E3DE00A1335E /* AppMovieSeriesResponse.swift */; };
		5D79314F2B49E45900A1335E /* AppRatingsBarView.swift in Sources */ = {isa = PBXBuildFile; fileRef = 5D79314E2B49E45900A1335E /* AppRatingsBarView.swift */; };
		5D7931522B49EB0800A1335E /* AppTabBarView.swift in Sources */ = {isa = PBXBuildFile; fileRef = 5D7931512B49EB0800A1335E /* AppTabBarView.swift */; };
		5D7931532B49F39000A1335E /* TVSeriesView.swift in Sources */ = {isa = PBXBuildFile; fileRef = 5D7930F92B47F2C900A1335E /* TVSeriesView.swift */; };
		5D7931562B49F3E100A1335E /* ApiManager.swift in Sources */ = {isa = PBXBuildFile; fileRef = 5D7931552B49F3E100A1335E /* ApiManager.swift */; };
		5D7931592B4ACCB800A1335E /* CinemaMovieReviewView.swift in Sources */ = {isa = PBXBuildFile; fileRef = 5D7931582B4ACCB800A1335E /* CinemaMovieReviewView.swift */; };
		5D79315C2B4ACDC900A1335E /* ImageManager.swift in Sources */ = {isa = PBXBuildFile; fileRef = 5D79315B2B4ACDC900A1335E /* ImageManager.swift */; };
		5D79315F2B4AD17F00A1335E /* CinemaMovieReviewViewModel.swift in Sources */ = {isa = PBXBuildFile; fileRef = 5D79315E2B4AD17F00A1335E /* CinemaMovieReviewViewModel.swift */; };
		5D7931612B4ADC3700A1335E /* AppExpandableText.swift in Sources */ = {isa = PBXBuildFile; fileRef = 5D7931602B4ADC3700A1335E /* AppExpandableText.swift */; };
		5D7931632B4B03D500A1335E /* AppMovieReviewView.swift in Sources */ = {isa = PBXBuildFile; fileRef = 5D7931622B4B03D500A1335E /* AppMovieReviewView.swift */; };
		D57471D22B486CA100B43EBE /* PersonsViewModel.swift in Sources */ = {isa = PBXBuildFile; fileRef = D57471D12B486CA100B43EBE /* PersonsViewModel.swift */; };
		D57471D62B4896E900B43EBE /* PersonDetailsView.swift in Sources */ = {isa = PBXBuildFile; fileRef = D57471D52B4896E900B43EBE /* PersonDetailsView.swift */; };
		D57471D82B4896FB00B43EBE /* PersonDetailsViewModel.swift in Sources */ = {isa = PBXBuildFile; fileRef = D57471D72B4896FB00B43EBE /* PersonDetailsViewModel.swift */; };
		D57471DC2B48C2C000B43EBE /* ActorView.swift in Sources */ = {isa = PBXBuildFile; fileRef = D57471DB2B48C2C000B43EBE /* ActorView.swift */; };
		D57471DF2B48C3F200B43EBE /* KnownForScrollView.swift in Sources */ = {isa = PBXBuildFile; fileRef = D57471DE2B48C3F200B43EBE /* KnownForScrollView.swift */; };
		D57471E22B48C4D500B43EBE /* ActorPhotoView.swift in Sources */ = {isa = PBXBuildFile; fileRef = D57471E12B48C4D500B43EBE /* ActorPhotoView.swift */; };
		EE14C1302B47F49C00943C09 /* MoviesViewModel.swift in Sources */ = {isa = PBXBuildFile; fileRef = EE14C12F2B47F49C00943C09 /* MoviesViewModel.swift */; };
		EE4D52A62B481AE900B7BE2B /* MovieDetailsView.swift in Sources */ = {isa = PBXBuildFile; fileRef = EE4D52A52B481AE900B7BE2B /* MovieDetailsView.swift */; };
		EE4D52A82B481BD200B7BE2B /* MovieDetailsViewModel.swift in Sources */ = {isa = PBXBuildFile; fileRef = EE4D52A72B481BD200B7BE2B /* MovieDetailsViewModel.swift */; };
		EE4D52AA2B481E8F00B7BE2B /* MovieMockData.swift in Sources */ = {isa = PBXBuildFile; fileRef = EE4D52A92B481E8F00B7BE2B /* MovieMockData.swift */; };
		EE4D52AC2B48247600B7BE2B /* PosterView.swift in Sources */ = {isa = PBXBuildFile; fileRef = EE4D52AB2B48247600B7BE2B /* PosterView.swift */; };
		EE4D52B02B482B1200B7BE2B /* RatingStarView.swift in Sources */ = {isa = PBXBuildFile; fileRef = EE4D52AF2B482B1200B7BE2B /* RatingStarView.swift */; };
		EE4D52B22B482BB800B7BE2B /* VoteAverageView.swift in Sources */ = {isa = PBXBuildFile; fileRef = EE4D52B12B482BB800B7BE2B /* VoteAverageView.swift */; };
		EE4D52BA2B48741300B7BE2B /* TVSeriesOnAirViewModel.swift in Sources */ = {isa = PBXBuildFile; fileRef = EE4D52B92B48741300B7BE2B /* TVSeriesOnAirViewModel.swift */; };
		EE4D52C02B488A6900B7BE2B /* TVSeriesReviewsViewModel.swift in Sources */ = {isa = PBXBuildFile; fileRef = EE4D52BF2B488A6900B7BE2B /* TVSeriesReviewsViewModel.swift */; };
		EE4D52C22B488B4F00B7BE2B /* TVSeriesReviewsView.swift in Sources */ = {isa = PBXBuildFile; fileRef = EE4D52C12B488B4F00B7BE2B /* TVSeriesReviewsView.swift */; };
		EE4D53222B4AA3B200B7BE2B /* TVSeriesViewModel.swift in Sources */ = {isa = PBXBuildFile; fileRef = EE4D53212B4AA3B200B7BE2B /* TVSeriesViewModel.swift */; };
		EE4D53262B4AA40400B7BE2B /* TVSeriesDetailsPage.swift in Sources */ = {isa = PBXBuildFile; fileRef = EE4D53252B4AA40400B7BE2B /* TVSeriesDetailsPage.swift */; };
/* End PBXBuildFile section */

/* Begin PBXFileReference section */
		5D7930D72B47E16000A1335E /* CollabSwiftUIGroup3.app */ = {isa = PBXFileReference; explicitFileType = wrapper.application; includeInIndex = 0; path = CollabSwiftUIGroup3.app; sourceTree = BUILT_PRODUCTS_DIR; };
		5D7930DA2B47E16000A1335E /* CollabSwiftUIGroup3App.swift */ = {isa = PBXFileReference; lastKnownFileType = sourcecode.swift; path = CollabSwiftUIGroup3App.swift; sourceTree = "<group>"; };
		5D7930DC2B47E16000A1335E /* ContentView.swift */ = {isa = PBXFileReference; lastKnownFileType = sourcecode.swift; path = ContentView.swift; sourceTree = "<group>"; };
		5D7930DE2B47E16100A1335E /* Assets.xcassets */ = {isa = PBXFileReference; lastKnownFileType = folder.assetcatalog; path = Assets.xcassets; sourceTree = "<group>"; };
		5D7930E12B47E16100A1335E /* Preview Assets.xcassets */ = {isa = PBXFileReference; lastKnownFileType = folder.assetcatalog; path = "Preview Assets.xcassets"; sourceTree = "<group>"; };
		5D7930F52B47F2AA00A1335E /* MoviesView.swift */ = {isa = PBXFileReference; lastKnownFileType = sourcecode.swift; path = MoviesView.swift; sourceTree = "<group>"; };
		5D7930F72B47F2B700A1335E /* PersonsView.swift */ = {isa = PBXFileReference; lastKnownFileType = sourcecode.swift; path = PersonsView.swift; sourceTree = "<group>"; };
		5D7930F92B47F2C900A1335E /* TVSeriesView.swift */ = {isa = PBXFileReference; lastKnownFileType = sourcecode.swift; path = TVSeriesView.swift; sourceTree = "<group>"; };
		5D7930FB2B47F2DF00A1335E /* CinemaMoviesView.swift */ = {isa = PBXFileReference; lastKnownFileType = sourcecode.swift; path = CinemaMoviesView.swift; sourceTree = "<group>"; };
		5D7930FD2B47F2ED00A1335E /* TVSeriesOnAirView.swift */ = {isa = PBXFileReference; lastKnownFileType = sourcecode.swift; path = TVSeriesOnAirView.swift; sourceTree = "<group>"; };
		5D79312D2B49B39100A1335E /* CinemaMoviesViewModel.swift */ = {isa = PBXFileReference; lastKnownFileType = sourcecode.swift; path = CinemaMoviesViewModel.swift; sourceTree = "<group>"; };
		5D7931322B49B3F600A1335E /* CinemaMovieGridView.swift */ = {isa = PBXFileReference; lastKnownFileType = sourcecode.swift; path = CinemaMovieGridView.swift; sourceTree = "<group>"; };
		5D79313C2B49DA2800A1335E /* AppMoviesResponse.swift */ = {isa = PBXFileReference; lastKnownFileType = sourcecode.swift; path = AppMoviesResponse.swift; sourceTree = "<group>"; };
		5D7931412B49DC9700A1335E /* Color+Extensions.swift */ = {isa = PBXFileReference; lastKnownFileType = sourcecode.swift; path = "Color+Extensions.swift"; sourceTree = "<group>"; };
		5D7931432B49DE4F00A1335E /* AppReviewsResponse.swift */ = {isa = PBXFileReference; lastKnownFileType = sourcecode.swift; path = AppReviewsResponse.swift; sourceTree = "<group>"; };
		5D7931452B49DEED00A1335E /* AppPersonsResponse.swift */ = {isa = PBXFileReference; lastKnownFileType = sourcecode.swift; path = AppPersonsResponse.swift; sourceTree = "<group>"; };
		5D7931482B49E06000A1335E /* AppGridView.swift */ = {isa = PBXFileReference; lastKnownFileType = sourcecode.swift; path = AppGridView.swift; sourceTree = "<group>"; };
		5D79314A2B49E09700A1335E /* AppReviewsView.swift */ = {isa = PBXFileReference; lastKnownFileType = sourcecode.swift; path = AppReviewsView.swift; sourceTree = "<group>"; };
		5D79314C2B49E3DE00A1335E /* AppMovieSeriesResponse.swift */ = {isa = PBXFileReference; lastKnownFileType = sourcecode.swift; path = AppMovieSeriesResponse.swift; sourceTree = "<group>"; };
		5D79314E2B49E45900A1335E /* AppRatingsBarView.swift */ = {isa = PBXFileReference; lastKnownFileType = sourcecode.swift; path = AppRatingsBarView.swift; sourceTree = "<group>"; };
		5D7931512B49EB0800A1335E /* AppTabBarView.swift */ = {isa = PBXFileReference; lastKnownFileType = sourcecode.swift; path = AppTabBarView.swift; sourceTree = "<group>"; };
		5D7931552B49F3E100A1335E /* ApiManager.swift */ = {isa = PBXFileReference; lastKnownFileType = sourcecode.swift; path = ApiManager.swift; sourceTree = "<group>"; };
		5D7931582B4ACCB800A1335E /* CinemaMovieReviewView.swift */ = {isa = PBXFileReference; lastKnownFileType = sourcecode.swift; path = CinemaMovieReviewView.swift; sourceTree = "<group>"; };
		5D79315B2B4ACDC900A1335E /* ImageManager.swift */ = {isa = PBXFileReference; lastKnownFileType = sourcecode.swift; path = ImageManager.swift; sourceTree = "<group>"; };
		5D79315E2B4AD17F00A1335E /* CinemaMovieReviewViewModel.swift */ = {isa = PBXFileReference; lastKnownFileType = sourcecode.swift; path = CinemaMovieReviewViewModel.swift; sourceTree = "<group>"; };
		5D7931602B4ADC3700A1335E /* AppExpandableText.swift */ = {isa = PBXFileReference; lastKnownFileType = sourcecode.swift; path = AppExpandableText.swift; sourceTree = "<group>"; };
		5D7931622B4B03D500A1335E /* AppMovieReviewView.swift */ = {isa = PBXFileReference; lastKnownFileType = sourcecode.swift; path = AppMovieReviewView.swift; sourceTree = "<group>"; };
		D57471D12B486CA100B43EBE /* PersonsViewModel.swift */ = {isa = PBXFileReference; lastKnownFileType = sourcecode.swift; path = PersonsViewModel.swift; sourceTree = "<group>"; };
		D57471D52B4896E900B43EBE /* PersonDetailsView.swift */ = {isa = PBXFileReference; lastKnownFileType = sourcecode.swift; path = PersonDetailsView.swift; sourceTree = "<group>"; };
		D57471D72B4896FB00B43EBE /* PersonDetailsViewModel.swift */ = {isa = PBXFileReference; lastKnownFileType = sourcecode.swift; path = PersonDetailsViewModel.swift; sourceTree = "<group>"; };
		D57471DB2B48C2C000B43EBE /* ActorView.swift */ = {isa = PBXFileReference; lastKnownFileType = sourcecode.swift; path = ActorView.swift; sourceTree = "<group>"; };
		D57471DE2B48C3F200B43EBE /* KnownForScrollView.swift */ = {isa = PBXFileReference; lastKnownFileType = sourcecode.swift; path = KnownForScrollView.swift; sourceTree = "<group>"; };
		D57471E12B48C4D500B43EBE /* ActorPhotoView.swift */ = {isa = PBXFileReference; lastKnownFileType = sourcecode.swift; path = ActorPhotoView.swift; sourceTree = "<group>"; };
		EE14C12F2B47F49C00943C09 /* MoviesViewModel.swift */ = {isa = PBXFileReference; lastKnownFileType = sourcecode.swift; path = MoviesViewModel.swift; sourceTree = "<group>"; };
		EE4D52A52B481AE900B7BE2B /* MovieDetailsView.swift */ = {isa = PBXFileReference; lastKnownFileType = sourcecode.swift; path = MovieDetailsView.swift; sourceTree = "<group>"; };
		EE4D52A72B481BD200B7BE2B /* MovieDetailsViewModel.swift */ = {isa = PBXFileReference; lastKnownFileType = sourcecode.swift; path = MovieDetailsViewModel.swift; sourceTree = "<group>"; };
		EE4D52A92B481E8F00B7BE2B /* MovieMockData.swift */ = {isa = PBXFileReference; lastKnownFileType = sourcecode.swift; path = MovieMockData.swift; sourceTree = "<group>"; };
		EE4D52AB2B48247600B7BE2B /* PosterView.swift */ = {isa = PBXFileReference; lastKnownFileType = sourcecode.swift; path = PosterView.swift; sourceTree = "<group>"; };
		EE4D52AF2B482B1200B7BE2B /* RatingStarView.swift */ = {isa = PBXFileReference; lastKnownFileType = sourcecode.swift; path = RatingStarView.swift; sourceTree = "<group>"; };
		EE4D52B12B482BB800B7BE2B /* VoteAverageView.swift */ = {isa = PBXFileReference; lastKnownFileType = sourcecode.swift; path = VoteAverageView.swift; sourceTree = "<group>"; };
		EE4D52B92B48741300B7BE2B /* TVSeriesOnAirViewModel.swift */ = {isa = PBXFileReference; lastKnownFileType = sourcecode.swift; path = TVSeriesOnAirViewModel.swift; sourceTree = "<group>"; };
		EE4D52BF2B488A6900B7BE2B /* TVSeriesReviewsViewModel.swift */ = {isa = PBXFileReference; lastKnownFileType = sourcecode.swift; path = TVSeriesReviewsViewModel.swift; sourceTree = "<group>"; };
		EE4D52C12B488B4F00B7BE2B /* TVSeriesReviewsView.swift */ = {isa = PBXFileReference; lastKnownFileType = sourcecode.swift; path = TVSeriesReviewsView.swift; sourceTree = "<group>"; };
		EE4D53212B4AA3B200B7BE2B /* TVSeriesViewModel.swift */ = {isa = PBXFileReference; lastKnownFileType = sourcecode.swift; path = TVSeriesViewModel.swift; sourceTree = "<group>"; };
		EE4D53252B4AA40400B7BE2B /* TVSeriesDetailsPage.swift */ = {isa = PBXFileReference; lastKnownFileType = sourcecode.swift; path = TVSeriesDetailsPage.swift; sourceTree = "<group>"; };
/* End PBXFileReference section */

/* Begin PBXFrameworksBuildPhase section */
		5D7930D42B47E16000A1335E /* Frameworks */ = {
			isa = PBXFrameworksBuildPhase;
			buildActionMask = 2147483647;
			files = (
				5D7930F02B47E28400A1335E /* NatenWorking in Frameworks */,
			);
			runOnlyForDeploymentPostprocessing = 0;
		};
/* End PBXFrameworksBuildPhase section */

/* Begin PBXGroup section */
		5D7930CE2B47E16000A1335E = {
			isa = PBXGroup;
			children = (
				5D7930D92B47E16000A1335E /* CollabSwiftUIGroup3 */,
				5D7930D82B47E16000A1335E /* Products */,
			);
			sourceTree = "<group>";
		};
		5D7930D82B47E16000A1335E /* Products */ = {
			isa = PBXGroup;
			children = (
				5D7930D72B47E16000A1335E /* CollabSwiftUIGroup3.app */,
			);
			name = Products;
			sourceTree = "<group>";
		};
		5D7930D92B47E16000A1335E /* CollabSwiftUIGroup3 */ = {
			isa = PBXGroup;
			children = (
				5D7930E82B47E1C900A1335E /* App */,
				5D79313B2B49D9A600A1335E /* AppModel */,
				5D7931502B49EAD200A1335E /* AppView */,
				5D7931572B49F9EA00A1335E /* Scenes */,
				5D7931542B49F3C200A1335E /* ApiManager */,
				5D7931472B49E03F00A1335E /* AppComponents */,
				5D79313E2B49DC7400A1335E /* Extensions */,
				5D7930DE2B47E16100A1335E /* Assets.xcassets */,
				5D7930E02B47E16100A1335E /* Preview Content */,
			);
			path = CollabSwiftUIGroup3;
			sourceTree = "<group>";
		};
		5D7930E02B47E16100A1335E /* Preview Content */ = {
			isa = PBXGroup;
			children = (
				5D7930E12B47E16100A1335E /* Preview Assets.xcassets */,
			);
			path = "Preview Content";
			sourceTree = "<group>";
		};
		5D7930E82B47E1C900A1335E /* App */ = {
			isa = PBXGroup;
			children = (
				5D7930DA2B47E16000A1335E /* CollabSwiftUIGroup3App.swift */,
			);
			path = App;
			sourceTree = "<group>";
		};
		5D7930E92B47E1D400A1335E /* Movies */ = {
			isa = PBXGroup;
			children = (
				EE4D52B32B483A9400B7BE2B /* Scenes */,
				EE4D52B72B483AB500B7BE2B /* Components */,
				EE4D52B82B483B1200B7BE2B /* Helper */,
			);
			path = Movies;
			sourceTree = "<group>";
		};
		5D7930EA2B47E21A00A1335E /* Persons */ = {
			isa = PBXGroup;
			children = (
				D57471DD2B48C2C400B43EBE /* Components */,
				D57471D92B4896FF00B43EBE /* PersonView */,
				D57471DA2B48970900B43EBE /* PersonDetailsView */,
			);
			path = Persons;
			sourceTree = "<group>";
		};
		5D7930EB2B47E22100A1335E /* TVSeries */ = {
			isa = PBXGroup;
			children = (
				EE4D53272B4AA75400B7BE2B /* Series */,
				EE4D53282B4AA75B00B7BE2B /* Details */,
			);
			path = TVSeries;
			sourceTree = "<group>";
		};
		5D7930EC2B47E22E00A1335E /* CinemaMovies */ = {
			isa = PBXGroup;
			children = (
				5D79312F2B49B3B300A1335E /* CinemaView */,
				5D79315D2B4AD15400A1335E /* ReviewsView */,
				5D79315A2B4ACDB000A1335E /* Helper */,
			);
			path = CinemaMovies;
			sourceTree = "<group>";
		};
		5D7930ED2B47E25400A1335E /* TVSeriesOnAir */ = {
			isa = PBXGroup;
			children = (
				EE4D52C62B48C1D600B7BE2B /* Scenes */,
			);
			path = TVSeriesOnAir;
			sourceTree = "<group>";
		};
		5D79312F2B49B3B300A1335E /* CinemaView */ = {
			isa = PBXGroup;
			children = (
				5D79312D2B49B39100A1335E /* CinemaMoviesViewModel.swift */,
				5D7930FB2B47F2DF00A1335E /* CinemaMoviesView.swift */,
			);
			path = CinemaView;
			sourceTree = "<group>";
		};
		5D79313B2B49D9A600A1335E /* AppModel */ = {
			isa = PBXGroup;
			children = (
				5D79313C2B49DA2800A1335E /* AppMoviesResponse.swift */,
				5D7931432B49DE4F00A1335E /* AppReviewsResponse.swift */,
				5D7931452B49DEED00A1335E /* AppPersonsResponse.swift */,
				5D79314C2B49E3DE00A1335E /* AppMovieSeriesResponse.swift */,
			);
			path = AppModel;
			sourceTree = "<group>";
		};
		5D79313E2B49DC7400A1335E /* Extensions */ = {
			isa = PBXGroup;
			children = (
				5D7931412B49DC9700A1335E /* Color+Extensions.swift */,
			);
			path = Extensions;
			sourceTree = "<group>";
		};
		5D7931472B49E03F00A1335E /* AppComponents */ = {
			isa = PBXGroup;
			children = (
				5D7931482B49E06000A1335E /* AppGridView.swift */,
				5D79314A2B49E09700A1335E /* AppReviewsView.swift */,
				5D79314E2B49E45900A1335E /* AppRatingsBarView.swift */,
				5D7931602B4ADC3700A1335E /* AppExpandableText.swift */,
				5D7931622B4B03D500A1335E /* AppMovieReviewView.swift */,
			);
			path = AppComponents;
			sourceTree = "<group>";
		};
		5D7931502B49EAD200A1335E /* AppView */ = {
			isa = PBXGroup;
			children = (
				5D7930DC2B47E16000A1335E /* ContentView.swift */,
				5D7931512B49EB0800A1335E /* AppTabBarView.swift */,
			);
			path = AppView;
			sourceTree = "<group>";
		};
		5D7931542B49F3C200A1335E /* ApiManager */ = {
			isa = PBXGroup;
			children = (
				5D7931552B49F3E100A1335E /* ApiManager.swift */,
			);
			path = ApiManager;
			sourceTree = "<group>";
		};
		5D7931572B49F9EA00A1335E /* Scenes */ = {
			isa = PBXGroup;
			children = (
				5D7930E92B47E1D400A1335E /* Movies */,
				5D7930EA2B47E21A00A1335E /* Persons */,
				5D7930EB2B47E22100A1335E /* TVSeries */,
				5D7930EC2B47E22E00A1335E /* CinemaMovies */,
				5D7930ED2B47E25400A1335E /* TVSeriesOnAir */,
			);
			path = Scenes;
			sourceTree = "<group>";
		};
		5D79315A2B4ACDB000A1335E /* Helper */ = {
			isa = PBXGroup;
			children = (
				5D7931322B49B3F600A1335E /* CinemaMovieGridView.swift */,
				5D79315B2B4ACDC900A1335E /* ImageManager.swift */,
			);
			path = Helper;
			sourceTree = "<group>";
		};
		5D79315D2B4AD15400A1335E /* ReviewsView */ = {
			isa = PBXGroup;
			children = (
				5D7931582B4ACCB800A1335E /* CinemaMovieReviewView.swift */,
				5D79315E2B4AD17F00A1335E /* CinemaMovieReviewViewModel.swift */,
			);
			path = ReviewsView;
			sourceTree = "<group>";
		};
		D57471D92B4896FF00B43EBE /* PersonView */ = {
			isa = PBXGroup;
			children = (
				5D7930F72B47F2B700A1335E /* PersonsView.swift */,
				D57471D12B486CA100B43EBE /* PersonsViewModel.swift */,
			);
			path = PersonView;
			sourceTree = "<group>";
		};
		D57471DA2B48970900B43EBE /* PersonDetailsView */ = {
			isa = PBXGroup;
			children = (
				D57471D52B4896E900B43EBE /* PersonDetailsView.swift */,
				D57471D72B4896FB00B43EBE /* PersonDetailsViewModel.swift */,
			);
			path = PersonDetailsView;
			sourceTree = "<group>";
		};
		D57471DD2B48C2C400B43EBE /* Components */ = {
			isa = PBXGroup;
			children = (
				D57471DB2B48C2C000B43EBE /* ActorView.swift */,
				D57471DE2B48C3F200B43EBE /* KnownForScrollView.swift */,
				D57471E12B48C4D500B43EBE /* ActorPhotoView.swift */,
			);
			path = Components;
			sourceTree = "<group>";
		};
		EE4D52B32B483A9400B7BE2B /* Scenes */ = {
			isa = PBXGroup;
			children = (
				EE4D52B42B483A9D00B7BE2B /* MoviesList */,
				EE4D52B52B483AA900B7BE2B /* MovieDetails */,
			);
			path = Scenes;
			sourceTree = "<group>";
		};
		EE4D52B42B483A9D00B7BE2B /* MoviesList */ = {
			isa = PBXGroup;
			children = (
				EE14C12F2B47F49C00943C09 /* MoviesViewModel.swift */,
				5D7930F52B47F2AA00A1335E /* MoviesView.swift */,
			);
			path = MoviesList;
			sourceTree = "<group>";
		};
		EE4D52B52B483AA900B7BE2B /* MovieDetails */ = {
			isa = PBXGroup;
			children = (
				EE4D52A72B481BD200B7BE2B /* MovieDetailsViewModel.swift */,
				EE4D52A52B481AE900B7BE2B /* MovieDetailsView.swift */,
			);
			path = MovieDetails;
			sourceTree = "<group>";
		};
		EE4D52B72B483AB500B7BE2B /* Components */ = {
			isa = PBXGroup;
			children = (
				EE4D52AB2B48247600B7BE2B /* PosterView.swift */,
				EE4D52AF2B482B1200B7BE2B /* RatingStarView.swift */,
				EE4D52B12B482BB800B7BE2B /* VoteAverageView.swift */,
			);
			path = Components;
			sourceTree = "<group>";
		};
		EE4D52B82B483B1200B7BE2B /* Helper */ = {
			isa = PBXGroup;
			children = (
				EE4D52A92B481E8F00B7BE2B /* MovieMockData.swift */,
			);
			path = Helper;
			sourceTree = "<group>";
		};
		EE4D52C62B48C1D600B7BE2B /* Scenes */ = {
			isa = PBXGroup;
			children = (
				EE4D52C72B48C1E500B7BE2B /* TopTVSeries */,
				EE4D52C82B48C1F700B7BE2B /* TopTVSeriesReviews */,
			);
			path = Scenes;
			sourceTree = "<group>";
		};
		EE4D52C72B48C1E500B7BE2B /* TopTVSeries */ = {
			isa = PBXGroup;
			children = (
				EE4D52B92B48741300B7BE2B /* TVSeriesOnAirViewModel.swift */,
				5D7930FD2B47F2ED00A1335E /* TVSeriesOnAirView.swift */,
			);
			path = TopTVSeries;
			sourceTree = "<group>";
		};
		EE4D52C82B48C1F700B7BE2B /* TopTVSeriesReviews */ = {
			isa = PBXGroup;
			children = (
				EE4D52BF2B488A6900B7BE2B /* TVSeriesReviewsViewModel.swift */,
				EE4D52C12B488B4F00B7BE2B /* TVSeriesReviewsView.swift */,
			);
			path = TopTVSeriesReviews;
			sourceTree = "<group>";
		};
		EE4D53272B4AA75400B7BE2B /* Series */ = {
			isa = PBXGroup;
			children = (
				EE4D53212B4AA3B200B7BE2B /* TVSeriesViewModel.swift */,
				5D7930F92B47F2C900A1335E /* TVSeriesView.swift */,
			);
			path = Series;
			sourceTree = "<group>";
		};
		EE4D53282B4AA75B00B7BE2B /* Details */ = {
			isa = PBXGroup;
			children = (
				EE4D53252B4AA40400B7BE2B /* TVSeriesDetailsPage.swift */,
			);
			path = Details;
			sourceTree = "<group>";
		};
/* End PBXGroup section */

/* Begin PBXNativeTarget section */
		5D7930D62B47E16000A1335E /* CollabSwiftUIGroup3 */ = {
			isa = PBXNativeTarget;
			buildConfigurationList = 5D7930E52B47E16100A1335E /* Build configuration list for PBXNativeTarget "CollabSwiftUIGroup3" */;
			buildPhases = (
				5D7930D32B47E16000A1335E /* Sources */,
				5D7930D42B47E16000A1335E /* Frameworks */,
				5D7930D52B47E16000A1335E /* Resources */,
			);
			buildRules = (
			);
			dependencies = (
			);
			name = CollabSwiftUIGroup3;
			packageProductDependencies = (
				5D7930EF2B47E28400A1335E /* NatenWorking */,
			);
			productName = CollabSwiftUIGroup3;
			productReference = 5D7930D72B47E16000A1335E /* CollabSwiftUIGroup3.app */;
			productType = "com.apple.product-type.application";
		};
/* End PBXNativeTarget section */

/* Begin PBXProject section */
		5D7930CF2B47E16000A1335E /* Project object */ = {
			isa = PBXProject;
			attributes = {
				BuildIndependentTargetsInParallel = 1;
				LastSwiftUpdateCheck = 1500;
				LastUpgradeCheck = 1500;
				TargetAttributes = {
					5D7930D62B47E16000A1335E = {
						CreatedOnToolsVersion = 15.0;
					};
				};
			};
			buildConfigurationList = 5D7930D22B47E16000A1335E /* Build configuration list for PBXProject "CollabSwiftUIGroup3" */;
			compatibilityVersion = "Xcode 14.0";
			developmentRegion = en;
			hasScannedForEncodings = 0;
			knownRegions = (
				en,
				Base,
			);
			mainGroup = 5D7930CE2B47E16000A1335E;
			packageReferences = (
				5D7930EE2B47E28300A1335E /* XCRemoteSwiftPackageReference "NatenWorking" */,
			);
			productRefGroup = 5D7930D82B47E16000A1335E /* Products */;
			projectDirPath = "";
			projectRoot = "";
			targets = (
				5D7930D62B47E16000A1335E /* CollabSwiftUIGroup3 */,
			);
		};
/* End PBXProject section */

/* Begin PBXResourcesBuildPhase section */
		5D7930D52B47E16000A1335E /* Resources */ = {
			isa = PBXResourcesBuildPhase;
			buildActionMask = 2147483647;
			files = (
				5D7930E22B47E16100A1335E /* Preview Assets.xcassets in Resources */,
				5D7930DF2B47E16100A1335E /* Assets.xcassets in Resources */,
			);
			runOnlyForDeploymentPostprocessing = 0;
		};
/* End PBXResourcesBuildPhase section */

/* Begin PBXSourcesBuildPhase section */
		5D7930D32B47E16000A1335E /* Sources */ = {
			isa = PBXSourcesBuildPhase;
			buildActionMask = 2147483647;
			files = (
				5D7931592B4ACCB800A1335E /* CinemaMovieReviewView.swift in Sources */,
				5D7931532B49F39000A1335E /* TVSeriesView.swift in Sources */,
				5D79315C2B4ACDC900A1335E /* ImageManager.swift in Sources */,
				5D7931632B4B03D500A1335E /* AppMovieReviewView.swift in Sources */,
				5D79313A2B49CDCF00A1335E /* MoviesView.swift in Sources */,
				5D7931392B49C9CD00A1335E /* CollabSwiftUIGroup3App.swift in Sources */,
				5D7931492B49E06000A1335E /* AppGridView.swift in Sources */,
				EE4D52AC2B48247600B7BE2B /* PosterView.swift in Sources */,
				EE4D52BA2B48741300B7BE2B /* TVSeriesOnAirViewModel.swift in Sources */,
				5D7930DD2B47E16000A1335E /* ContentView.swift in Sources */,
				EE4D53262B4AA40400B7BE2B /* TVSeriesDetailsPage.swift in Sources */,
				D57471DF2B48C3F200B43EBE /* KnownForScrollView.swift in Sources */,
				5D79314B2B49E09700A1335E /* AppReviewsView.swift in Sources */,
				5D7931332B49B3F600A1335E /* CinemaMovieGridView.swift in Sources */,
				5D79314D2B49E3DE00A1335E /* AppMovieSeriesResponse.swift in Sources */,
				5D7930F82B47F2B700A1335E /* PersonsView.swift in Sources */,
				D57471D62B4896E900B43EBE /* PersonDetailsView.swift in Sources */,
				D57471D82B4896FB00B43EBE /* PersonDetailsViewModel.swift in Sources */,
				5D7930FC2B47F2DF00A1335E /* CinemaMoviesView.swift in Sources */,
				5D7931612B4ADC3700A1335E /* AppExpandableText.swift in Sources */,
				5D79313D2B49DA2800A1335E /* AppMoviesResponse.swift in Sources */,
				EE4D52B22B482BB800B7BE2B /* VoteAverageView.swift in Sources */,
				5D7931562B49F3E100A1335E /* ApiManager.swift in Sources */,
				EE4D52A62B481AE900B7BE2B /* MovieDetailsView.swift in Sources */,
				EE4D52A82B481BD200B7BE2B /* MovieDetailsViewModel.swift in Sources */,
				5D7931522B49EB0800A1335E /* AppTabBarView.swift in Sources */,
				EE4D52AA2B481E8F00B7BE2B /* MovieMockData.swift in Sources */,
				5D7930FE2B47F2ED00A1335E /* TVSeriesOnAirView.swift in Sources */,
				5D79315F2B4AD17F00A1335E /* CinemaMovieReviewViewModel.swift in Sources */,
				5D7931442B49DE4F00A1335E /* AppReviewsResponse.swift in Sources */,
				D57471E22B48C4D500B43EBE /* ActorPhotoView.swift in Sources */,
				D57471DC2B48C2C000B43EBE /* ActorView.swift in Sources */,
				5D7931422B49DC9700A1335E /* Color+Extensions.swift in Sources */,
				D57471D22B486CA100B43EBE /* PersonsViewModel.swift in Sources */,
				EE4D53222B4AA3B200B7BE2B /* TVSeriesViewModel.swift in Sources */,
				5D79312E2B49B39100A1335E /* CinemaMoviesViewModel.swift in Sources */,
				5D7931462B49DEED00A1335E /* AppPersonsResponse.swift in Sources */,
				EE4D52B02B482B1200B7BE2B /* RatingStarView.swift in Sources */,
				EE4D52C02B488A6900B7BE2B /* TVSeriesReviewsViewModel.swift in Sources */,
				EE4D52C22B488B4F00B7BE2B /* TVSeriesReviewsView.swift in Sources */,
				5D79314F2B49E45900A1335E /* AppRatingsBarView.swift in Sources */,
				EE14C1302B47F49C00943C09 /* MoviesViewModel.swift in Sources */,
			);
			runOnlyForDeploymentPostprocessing = 0;
		};
/* End PBXSourcesBuildPhase section */

/* Begin XCBuildConfiguration section */
		5D7930E32B47E16100A1335E /* Debug */ = {
			isa = XCBuildConfiguration;
			buildSettings = {
				ALWAYS_SEARCH_USER_PATHS = NO;
				ASSETCATALOG_COMPILER_GENERATE_SWIFT_ASSET_SYMBOL_EXTENSIONS = YES;
				CLANG_ANALYZER_NONNULL = YES;
				CLANG_ANALYZER_NUMBER_OBJECT_CONVERSION = YES_AGGRESSIVE;
				CLANG_CXX_LANGUAGE_STANDARD = "gnu++20";
				CLANG_ENABLE_MODULES = YES;
				CLANG_ENABLE_OBJC_ARC = YES;
				CLANG_ENABLE_OBJC_WEAK = YES;
				CLANG_WARN_BLOCK_CAPTURE_AUTORELEASING = YES;
				CLANG_WARN_BOOL_CONVERSION = YES;
				CLANG_WARN_COMMA = YES;
				CLANG_WARN_CONSTANT_CONVERSION = YES;
				CLANG_WARN_DEPRECATED_OBJC_IMPLEMENTATIONS = YES;
				CLANG_WARN_DIRECT_OBJC_ISA_USAGE = YES_ERROR;
				CLANG_WARN_DOCUMENTATION_COMMENTS = YES;
				CLANG_WARN_EMPTY_BODY = YES;
				CLANG_WARN_ENUM_CONVERSION = YES;
				CLANG_WARN_INFINITE_RECURSION = YES;
				CLANG_WARN_INT_CONVERSION = YES;
				CLANG_WARN_NON_LITERAL_NULL_CONVERSION = YES;
				CLANG_WARN_OBJC_IMPLICIT_RETAIN_SELF = YES;
				CLANG_WARN_OBJC_LITERAL_CONVERSION = YES;
				CLANG_WARN_OBJC_ROOT_CLASS = YES_ERROR;
				CLANG_WARN_QUOTED_INCLUDE_IN_FRAMEWORK_HEADER = YES;
				CLANG_WARN_RANGE_LOOP_ANALYSIS = YES;
				CLANG_WARN_STRICT_PROTOTYPES = YES;
				CLANG_WARN_SUSPICIOUS_MOVE = YES;
				CLANG_WARN_UNGUARDED_AVAILABILITY = YES_AGGRESSIVE;
				CLANG_WARN_UNREACHABLE_CODE = YES;
				CLANG_WARN__DUPLICATE_METHOD_MATCH = YES;
				COPY_PHASE_STRIP = NO;
				DEBUG_INFORMATION_FORMAT = dwarf;
				ENABLE_STRICT_OBJC_MSGSEND = YES;
				ENABLE_TESTABILITY = YES;
				ENABLE_USER_SCRIPT_SANDBOXING = YES;
				GCC_C_LANGUAGE_STANDARD = gnu17;
				GCC_DYNAMIC_NO_PIC = NO;
				GCC_NO_COMMON_BLOCKS = YES;
				GCC_OPTIMIZATION_LEVEL = 0;
				GCC_PREPROCESSOR_DEFINITIONS = (
					"DEBUG=1",
					"$(inherited)",
				);
				GCC_WARN_64_TO_32_BIT_CONVERSION = YES;
				GCC_WARN_ABOUT_RETURN_TYPE = YES_ERROR;
				GCC_WARN_UNDECLARED_SELECTOR = YES;
				GCC_WARN_UNINITIALIZED_AUTOS = YES_AGGRESSIVE;
				GCC_WARN_UNUSED_FUNCTION = YES;
				GCC_WARN_UNUSED_VARIABLE = YES;
				IPHONEOS_DEPLOYMENT_TARGET = 17.0;
				LOCALIZATION_PREFERS_STRING_CATALOGS = YES;
				MTL_ENABLE_DEBUG_INFO = INCLUDE_SOURCE;
				MTL_FAST_MATH = YES;
				ONLY_ACTIVE_ARCH = YES;
				SDKROOT = iphoneos;
				SWIFT_ACTIVE_COMPILATION_CONDITIONS = "DEBUG $(inherited)";
				SWIFT_OPTIMIZATION_LEVEL = "-Onone";
			};
			name = Debug;
		};
		5D7930E42B47E16100A1335E /* Release */ = {
			isa = XCBuildConfiguration;
			buildSettings = {
				ALWAYS_SEARCH_USER_PATHS = NO;
				ASSETCATALOG_COMPILER_GENERATE_SWIFT_ASSET_SYMBOL_EXTENSIONS = YES;
				CLANG_ANALYZER_NONNULL = YES;
				CLANG_ANALYZER_NUMBER_OBJECT_CONVERSION = YES_AGGRESSIVE;
				CLANG_CXX_LANGUAGE_STANDARD = "gnu++20";
				CLANG_ENABLE_MODULES = YES;
				CLANG_ENABLE_OBJC_ARC = YES;
				CLANG_ENABLE_OBJC_WEAK = YES;
				CLANG_WARN_BLOCK_CAPTURE_AUTORELEASING = YES;
				CLANG_WARN_BOOL_CONVERSION = YES;
				CLANG_WARN_COMMA = YES;
				CLANG_WARN_CONSTANT_CONVERSION = YES;
				CLANG_WARN_DEPRECATED_OBJC_IMPLEMENTATIONS = YES;
				CLANG_WARN_DIRECT_OBJC_ISA_USAGE = YES_ERROR;
				CLANG_WARN_DOCUMENTATION_COMMENTS = YES;
				CLANG_WARN_EMPTY_BODY = YES;
				CLANG_WARN_ENUM_CONVERSION = YES;
				CLANG_WARN_INFINITE_RECURSION = YES;
				CLANG_WARN_INT_CONVERSION = YES;
				CLANG_WARN_NON_LITERAL_NULL_CONVERSION = YES;
				CLANG_WARN_OBJC_IMPLICIT_RETAIN_SELF = YES;
				CLANG_WARN_OBJC_LITERAL_CONVERSION = YES;
				CLANG_WARN_OBJC_ROOT_CLASS = YES_ERROR;
				CLANG_WARN_QUOTED_INCLUDE_IN_FRAMEWORK_HEADER = YES;
				CLANG_WARN_RANGE_LOOP_ANALYSIS = YES;
				CLANG_WARN_STRICT_PROTOTYPES = YES;
				CLANG_WARN_SUSPICIOUS_MOVE = YES;
				CLANG_WARN_UNGUARDED_AVAILABILITY = YES_AGGRESSIVE;
				CLANG_WARN_UNREACHABLE_CODE = YES;
				CLANG_WARN__DUPLICATE_METHOD_MATCH = YES;
				COPY_PHASE_STRIP = NO;
				DEBUG_INFORMATION_FORMAT = "dwarf-with-dsym";
				ENABLE_NS_ASSERTIONS = NO;
				ENABLE_STRICT_OBJC_MSGSEND = YES;
				ENABLE_USER_SCRIPT_SANDBOXING = YES;
				GCC_C_LANGUAGE_STANDARD = gnu17;
				GCC_NO_COMMON_BLOCKS = YES;
				GCC_WARN_64_TO_32_BIT_CONVERSION = YES;
				GCC_WARN_ABOUT_RETURN_TYPE = YES_ERROR;
				GCC_WARN_UNDECLARED_SELECTOR = YES;
				GCC_WARN_UNINITIALIZED_AUTOS = YES_AGGRESSIVE;
				GCC_WARN_UNUSED_FUNCTION = YES;
				GCC_WARN_UNUSED_VARIABLE = YES;
				IPHONEOS_DEPLOYMENT_TARGET = 17.0;
				LOCALIZATION_PREFERS_STRING_CATALOGS = YES;
				MTL_ENABLE_DEBUG_INFO = NO;
				MTL_FAST_MATH = YES;
				SDKROOT = iphoneos;
				SWIFT_COMPILATION_MODE = wholemodule;
				VALIDATE_PRODUCT = YES;
			};
			name = Release;
		};
		5D7930E62B47E16100A1335E /* Debug */ = {
			isa = XCBuildConfiguration;
			buildSettings = {
				ASSETCATALOG_COMPILER_APPICON_NAME = AppIcon;
				ASSETCATALOG_COMPILER_GLOBAL_ACCENT_COLOR_NAME = AccentColor;
				CODE_SIGN_STYLE = Automatic;
				CURRENT_PROJECT_VERSION = 1;
				DEVELOPMENT_ASSET_PATHS = "\"CollabSwiftUIGroup3/Preview Content\"";
				DEVELOPMENT_TEAM = N6PQF93RKP;
				ENABLE_PREVIEWS = YES;
				GENERATE_INFOPLIST_FILE = YES;
				INFOPLIST_KEY_UIApplicationSceneManifest_Generation = YES;
				INFOPLIST_KEY_UIApplicationSupportsIndirectInputEvents = YES;
				INFOPLIST_KEY_UILaunchScreen_Generation = YES;
				INFOPLIST_KEY_UISupportedInterfaceOrientations_iPad = "UIInterfaceOrientationPortrait UIInterfaceOrientationPortraitUpsideDown UIInterfaceOrientationLandscapeLeft UIInterfaceOrientationLandscapeRight";
				INFOPLIST_KEY_UISupportedInterfaceOrientations_iPhone = "UIInterfaceOrientationPortrait UIInterfaceOrientationLandscapeLeft UIInterfaceOrientationLandscapeRight";
				IPHONEOS_DEPLOYMENT_TARGET = 16.0;
				LD_RUNPATH_SEARCH_PATHS = (
					"$(inherited)",
					"@executable_path/Frameworks",
				);
				MARKETING_VERSION = 1.0;
				PRODUCT_BUNDLE_IDENTIFIER = com.nat.CollabSwiftUIGroup3;
				PRODUCT_NAME = "$(TARGET_NAME)";
				SWIFT_EMIT_LOC_STRINGS = YES;
				SWIFT_VERSION = 5.0;
				TARGETED_DEVICE_FAMILY = "1,2";
			};
			name = Debug;
		};
		5D7930E72B47E16100A1335E /* Release */ = {
			isa = XCBuildConfiguration;
			buildSettings = {
				ASSETCATALOG_COMPILER_APPICON_NAME = AppIcon;
				ASSETCATALOG_COMPILER_GLOBAL_ACCENT_COLOR_NAME = AccentColor;
				CODE_SIGN_STYLE = Automatic;
				CURRENT_PROJECT_VERSION = 1;
				DEVELOPMENT_ASSET_PATHS = "\"CollabSwiftUIGroup3/Preview Content\"";
				DEVELOPMENT_TEAM = N6PQF93RKP;
				ENABLE_PREVIEWS = YES;
				GENERATE_INFOPLIST_FILE = YES;
				INFOPLIST_KEY_UIApplicationSceneManifest_Generation = YES;
				INFOPLIST_KEY_UIApplicationSupportsIndirectInputEvents = YES;
				INFOPLIST_KEY_UILaunchScreen_Generation = YES;
				INFOPLIST_KEY_UISupportedInterfaceOrientations_iPad = "UIInterfaceOrientationPortrait UIInterfaceOrientationPortraitUpsideDown UIInterfaceOrientationLandscapeLeft UIInterfaceOrientationLandscapeRight";
				INFOPLIST_KEY_UISupportedInterfaceOrientations_iPhone = "UIInterfaceOrientationPortrait UIInterfaceOrientationLandscapeLeft UIInterfaceOrientationLandscapeRight";
				IPHONEOS_DEPLOYMENT_TARGET = 16.0;
				LD_RUNPATH_SEARCH_PATHS = (
					"$(inherited)",
					"@executable_path/Frameworks",
				);
				MARKETING_VERSION = 1.0;
				PRODUCT_BUNDLE_IDENTIFIER = com.nat.CollabSwiftUIGroup3;
				PRODUCT_NAME = "$(TARGET_NAME)";
				SWIFT_EMIT_LOC_STRINGS = YES;
				SWIFT_VERSION = 5.0;
				TARGETED_DEVICE_FAMILY = "1,2";
			};
			name = Release;
		};
/* End XCBuildConfiguration section */

/* Begin XCConfigurationList section */
		5D7930D22B47E16000A1335E /* Build configuration list for PBXProject "CollabSwiftUIGroup3" */ = {
			isa = XCConfigurationList;
			buildConfigurations = (
				5D7930E32B47E16100A1335E /* Debug */,
				5D7930E42B47E16100A1335E /* Release */,
			);
			defaultConfigurationIsVisible = 0;
			defaultConfigurationName = Release;
		};
		5D7930E52B47E16100A1335E /* Build configuration list for PBXNativeTarget "CollabSwiftUIGroup3" */ = {
			isa = XCConfigurationList;
			buildConfigurations = (
				5D7930E62B47E16100A1335E /* Debug */,
				5D7930E72B47E16100A1335E /* Release */,
			);
			defaultConfigurationIsVisible = 0;
			defaultConfigurationName = Release;
		};
/* End XCConfigurationList section */

/* Begin XCRemoteSwiftPackageReference section */
		5D7930EE2B47E28300A1335E /* XCRemoteSwiftPackageReference "NatenWorking" */ = {
			isa = XCRemoteSwiftPackageReference;
			repositoryURL = "https://github.com/Natenadze/NatenWorking.git";
			requirement = {
				branch = main;
				kind = branch;
			};
		};
/* End XCRemoteSwiftPackageReference section */

/* Begin XCSwiftPackageProductDependency section */
		5D7930EF2B47E28400A1335E /* NatenWorking */ = {
			isa = XCSwiftPackageProductDependency;
			package = 5D7930EE2B47E28300A1335E /* XCRemoteSwiftPackageReference "NatenWorking" */;
			productName = NatenWorking;
		};
/* End XCSwiftPackageProductDependency section */
	};
	rootObject = 5D7930CF2B47E16000A1335E /* Project object */;
}
