// !$*UTF8*$!
{
	archiveVersion = 1;
	classes = {
	};
	objectVersion = 56;
	objects = {

/* Begin PBXBuildFile section */
		5D7930DB2B47E16000A1335E /* CollabSwiftUIGroup3App.swift in Sources */ = {isa = PBXBuildFile; fileRef = 5D7930DA2B47E16000A1335E /* CollabSwiftUIGroup3App.swift */; };
		5D7930DD2B47E16000A1335E /* ContentView.swift in Sources */ = {isa = PBXBuildFile; fileRef = 5D7930DC2B47E16000A1335E /* ContentView.swift */; };
		5D7930DF2B47E16100A1335E /* Assets.xcassets in Resources */ = {isa = PBXBuildFile; fileRef = 5D7930DE2B47E16100A1335E /* Assets.xcassets */; };
		5D7930E22B47E16100A1335E /* Preview Assets.xcassets in Resources */ = {isa = PBXBuildFile; fileRef = 5D7930E12B47E16100A1335E /* Preview Assets.xcassets */; };
		5D7930F02B47E28400A1335E /* NatenWorking in Frameworks */ = {isa = PBXBuildFile; productRef = 5D7930EF2B47E28400A1335E /* NatenWorking */; };
		5D7930F62B47F2AA00A1335E /* MoviesView.swift in Sources */ = {isa = PBXBuildFile; fileRef = 5D7930F52B47F2AA00A1335E /* MoviesView.swift */; };
		5D7930F82B47F2B700A1335E /* PersonsView.swift in Sources */ = {isa = PBXBuildFile; fileRef = 5D7930F72B47F2B700A1335E /* PersonsView.swift */; };
		5D7930FA2B47F2C900A1335E /* TVSeriesView.swift in Sources */ = {isa = PBXBuildFile; fileRef = 5D7930F92B47F2C900A1335E /* TVSeriesView.swift */; };
		5D7930FC2B47F2DF00A1335E /* CinemaMoviesView.swift in Sources */ = {isa = PBXBuildFile; fileRef = 5D7930FB2B47F2DF00A1335E /* CinemaMoviesView.swift */; };
		5D7930FE2B47F2ED00A1335E /* TVSeriesOnAirView.swift in Sources */ = {isa = PBXBuildFile; fileRef = 5D7930FD2B47F2ED00A1335E /* TVSeriesOnAirView.swift */; };
		EE14C1302B47F49C00943C09 /* MoviesViewModel.swift in Sources */ = {isa = PBXBuildFile; fileRef = EE14C12F2B47F49C00943C09 /* MoviesViewModel.swift */; };
		EE14C1322B47F4A600943C09 /* MovieModel.swift in Sources */ = {isa = PBXBuildFile; fileRef = EE14C1312B47F4A600943C09 /* MovieModel.swift */; };
		EE4D52A62B481AE900B7BE2B /* MovieDetailsView.swift in Sources */ = {isa = PBXBuildFile; fileRef = EE4D52A52B481AE900B7BE2B /* MovieDetailsView.swift */; };
		EE4D52A82B481BD200B7BE2B /* MovieDetailsViewModel.swift in Sources */ = {isa = PBXBuildFile; fileRef = EE4D52A72B481BD200B7BE2B /* MovieDetailsViewModel.swift */; };
		EE4D52AA2B481E8F00B7BE2B /* MovieMockData.swift in Sources */ = {isa = PBXBuildFile; fileRef = EE4D52A92B481E8F00B7BE2B /* MovieMockData.swift */; };
		EE4D52AC2B48247600B7BE2B /* PosterView.swift in Sources */ = {isa = PBXBuildFile; fileRef = EE4D52AB2B48247600B7BE2B /* PosterView.swift */; };
		EE4D52B02B482B1200B7BE2B /* RatingStarView.swift in Sources */ = {isa = PBXBuildFile; fileRef = EE4D52AF2B482B1200B7BE2B /* RatingStarView.swift */; };
		EE4D52B22B482BB800B7BE2B /* VoteAverageView.swift in Sources */ = {isa = PBXBuildFile; fileRef = EE4D52B12B482BB800B7BE2B /* VoteAverageView.swift */; };
		EE4D52BA2B48741300B7BE2B /* TVSeriesOnAirViewModel.swift in Sources */ = {isa = PBXBuildFile; fileRef = EE4D52B92B48741300B7BE2B /* TVSeriesOnAirViewModel.swift */; };
		EE4D52BC2B48747B00B7BE2B /* TVSeriesOnAirModel.swift in Sources */ = {isa = PBXBuildFile; fileRef = EE4D52BB2B48747B00B7BE2B /* TVSeriesOnAirModel.swift */; };
		EE4D52BE2B4877BE00B7BE2B /* SeriesGridView.swift in Sources */ = {isa = PBXBuildFile; fileRef = EE4D52BD2B4877BE00B7BE2B /* SeriesGridView.swift */; };
		EE4D52C02B488A6900B7BE2B /* TVSeriesReviewsViewModel.swift in Sources */ = {isa = PBXBuildFile; fileRef = EE4D52BF2B488A6900B7BE2B /* TVSeriesReviewsViewModel.swift */; };
		EE4D52C22B488B4F00B7BE2B /* TVSeriesReviewsView.swift in Sources */ = {isa = PBXBuildFile; fileRef = EE4D52C12B488B4F00B7BE2B /* TVSeriesReviewsView.swift */; };
		EE4D52C42B48A74A00B7BE2B /* TVSeriesReviewModel.swift in Sources */ = {isa = PBXBuildFile; fileRef = EE4D52C32B48A74A00B7BE2B /* TVSeriesReviewModel.swift */; };
/* End PBXBuildFile section */

/* Begin PBXFileReference section */
		5D7930D72B47E16000A1335E /* CollabSwiftUIGroup3.app */ = {isa = PBXFileReference; explicitFileType = wrapper.application; includeInIndex = 0; path = CollabSwiftUIGroup3.app; sourceTree = BUILT_PRODUCTS_DIR; };
		5D7930DA2B47E16000A1335E /* CollabSwiftUIGroup3App.swift */ = {isa = PBXFileReference; lastKnownFileType = sourcecode.swift; path = CollabSwiftUIGroup3App.swift; sourceTree = "<group>"; };
		5D7930DC2B47E16000A1335E /* ContentView.swift */ = {isa = PBXFileReference; lastKnownFileType = sourcecode.swift; path = ContentView.swift; sourceTree = "<group>"; };
		5D7930DE2B47E16100A1335E /* Assets.xcassets */ = {isa = PBXFileReference; lastKnownFileType = folder.assetcatalog; path = Assets.xcassets; sourceTree = "<group>"; };
		5D7930E12B47E16100A1335E /* Preview Assets.xcassets */ = {isa = PBXFileReference; lastKnownFileType = folder.assetcatalog; path = "Preview Assets.xcassets"; sourceTree = "<group>"; };
		5D7930F52B47F2AA00A1335E /* MoviesView.swift */ = {isa = PBXFileReference; lastKnownFileType = sourcecode.swift; path = MoviesView.swift; sourceTree = "<group>"; };
		5D7930F72B47F2B700A1335E /* PersonsView.swift */ = {isa = PBXFileReference; lastKnownFileType = sourcecode.swift; path = PersonsView.swift; sourceTree = "<group>"; };
		5D7930F92B47F2C900A1335E /* TVSeriesView.swift */ = {isa = PBXFileReference; lastKnownFileType = sourcecode.swift; path = TVSeriesView.swift; sourceTree = "<group>"; };
		5D7930FB2B47F2DF00A1335E /* CinemaMoviesView.swift */ = {isa = PBXFileReference; lastKnownFileType = sourcecode.swift; path = CinemaMoviesView.swift; sourceTree = "<group>"; };
		5D7930FD2B47F2ED00A1335E /* TVSeriesOnAirView.swift */ = {isa = PBXFileReference; lastKnownFileType = sourcecode.swift; path = TVSeriesOnAirView.swift; sourceTree = "<group>"; };
		EE14C12F2B47F49C00943C09 /* MoviesViewModel.swift */ = {isa = PBXFileReference; lastKnownFileType = sourcecode.swift; path = MoviesViewModel.swift; sourceTree = "<group>"; };
		EE14C1312B47F4A600943C09 /* MovieModel.swift */ = {isa = PBXFileReference; lastKnownFileType = sourcecode.swift; path = MovieModel.swift; sourceTree = "<group>"; };
		EE4D52A52B481AE900B7BE2B /* MovieDetailsView.swift */ = {isa = PBXFileReference; lastKnownFileType = sourcecode.swift; path = MovieDetailsView.swift; sourceTree = "<group>"; };
		EE4D52A72B481BD200B7BE2B /* MovieDetailsViewModel.swift */ = {isa = PBXFileReference; lastKnownFileType = sourcecode.swift; path = MovieDetailsViewModel.swift; sourceTree = "<group>"; };
		EE4D52A92B481E8F00B7BE2B /* MovieMockData.swift */ = {isa = PBXFileReference; lastKnownFileType = sourcecode.swift; path = MovieMockData.swift; sourceTree = "<group>"; };
		EE4D52AB2B48247600B7BE2B /* PosterView.swift */ = {isa = PBXFileReference; lastKnownFileType = sourcecode.swift; path = PosterView.swift; sourceTree = "<group>"; };
		EE4D52AF2B482B1200B7BE2B /* RatingStarView.swift */ = {isa = PBXFileReference; lastKnownFileType = sourcecode.swift; path = RatingStarView.swift; sourceTree = "<group>"; };
		EE4D52B12B482BB800B7BE2B /* VoteAverageView.swift */ = {isa = PBXFileReference; lastKnownFileType = sourcecode.swift; path = VoteAverageView.swift; sourceTree = "<group>"; };
		EE4D52B92B48741300B7BE2B /* TVSeriesOnAirViewModel.swift */ = {isa = PBXFileReference; lastKnownFileType = sourcecode.swift; path = TVSeriesOnAirViewModel.swift; sourceTree = "<group>"; };
		EE4D52BB2B48747B00B7BE2B /* TVSeriesOnAirModel.swift */ = {isa = PBXFileReference; lastKnownFileType = sourcecode.swift; path = TVSeriesOnAirModel.swift; sourceTree = "<group>"; };
		EE4D52BD2B4877BE00B7BE2B /* SeriesGridView.swift */ = {isa = PBXFileReference; lastKnownFileType = sourcecode.swift; path = SeriesGridView.swift; sourceTree = "<group>"; };
		EE4D52BF2B488A6900B7BE2B /* TVSeriesReviewsViewModel.swift */ = {isa = PBXFileReference; lastKnownFileType = sourcecode.swift; path = TVSeriesReviewsViewModel.swift; sourceTree = "<group>"; };
		EE4D52C12B488B4F00B7BE2B /* TVSeriesReviewsView.swift */ = {isa = PBXFileReference; lastKnownFileType = sourcecode.swift; path = TVSeriesReviewsView.swift; sourceTree = "<group>"; };
		EE4D52C32B48A74A00B7BE2B /* TVSeriesReviewModel.swift */ = {isa = PBXFileReference; lastKnownFileType = sourcecode.swift; path = TVSeriesReviewModel.swift; sourceTree = "<group>"; };
/* End PBXFileReference section */

/* Begin PBXFrameworksBuildPhase section */
		5D7930D42B47E16000A1335E /* Frameworks */ = {
			isa = PBXFrameworksBuildPhase;
			buildActionMask = 2147483647;
			files = (
				5D7930F02B47E28400A1335E /* NatenWorking in Frameworks */,
			);
			runOnlyForDeploymentPostprocessing = 0;
		};
/* End PBXFrameworksBuildPhase section */

/* Begin PBXGroup section */
		5D7930CE2B47E16000A1335E = {
			isa = PBXGroup;
			children = (
				5D7930D92B47E16000A1335E /* CollabSwiftUIGroup3 */,
				5D7930D82B47E16000A1335E /* Products */,
			);
			sourceTree = "<group>";
		};
		5D7930D82B47E16000A1335E /* Products */ = {
			isa = PBXGroup;
			children = (
				5D7930D72B47E16000A1335E /* CollabSwiftUIGroup3.app */,
			);
			name = Products;
			sourceTree = "<group>";
		};
		5D7930D92B47E16000A1335E /* CollabSwiftUIGroup3 */ = {
			isa = PBXGroup;
			children = (
				5D7930E82B47E1C900A1335E /* App */,
				5D7930DC2B47E16000A1335E /* ContentView.swift */,
				5D7930E92B47E1D400A1335E /* Movies */,
				5D7930EA2B47E21A00A1335E /* Persons */,
				5D7930EB2B47E22100A1335E /* TVSeries */,
				5D7930EC2B47E22E00A1335E /* CinemaMovies */,
				5D7930ED2B47E25400A1335E /* TVSeriesOnAir */,
				5D7930DE2B47E16100A1335E /* Assets.xcassets */,
				5D7930E02B47E16100A1335E /* Preview Content */,
			);
			path = CollabSwiftUIGroup3;
			sourceTree = "<group>";
		};
		5D7930E02B47E16100A1335E /* Preview Content */ = {
			isa = PBXGroup;
			children = (
				5D7930E12B47E16100A1335E /* Preview Assets.xcassets */,
			);
			path = "Preview Content";
			sourceTree = "<group>";
		};
		5D7930E82B47E1C900A1335E /* App */ = {
			isa = PBXGroup;
			children = (
				5D7930DA2B47E16000A1335E /* CollabSwiftUIGroup3App.swift */,
			);
			path = App;
			sourceTree = "<group>";
		};
		5D7930E92B47E1D400A1335E /* Movies */ = {
			isa = PBXGroup;
			children = (
				EE4D52B32B483A9400B7BE2B /* Scenes */,
				EE4D52B62B483AB000B7BE2B /* Model */,
				EE4D52B72B483AB500B7BE2B /* Components */,
				EE4D52B82B483B1200B7BE2B /* Helper */,
			);
			path = Movies;
			sourceTree = "<group>";
		};
		5D7930EA2B47E21A00A1335E /* Persons */ = {
			isa = PBXGroup;
			children = (
				5D7930F72B47F2B700A1335E /* PersonsView.swift */,
			);
			path = Persons;
			sourceTree = "<group>";
		};
		5D7930EB2B47E22100A1335E /* TVSeries */ = {
			isa = PBXGroup;
			children = (
				5D7930F92B47F2C900A1335E /* TVSeriesView.swift */,
			);
			path = TVSeries;
			sourceTree = "<group>";
		};
		5D7930EC2B47E22E00A1335E /* CinemaMovies */ = {
			isa = PBXGroup;
			children = (
				5D7930FB2B47F2DF00A1335E /* CinemaMoviesView.swift */,
			);
			path = CinemaMovies;
			sourceTree = "<group>";
		};
		5D7930ED2B47E25400A1335E /* TVSeriesOnAir */ = {
			isa = PBXGroup;
			children = (
				EE4D52C62B48C1D600B7BE2B /* Scenes */,
				EE4D52C52B48AE6900B7BE2B /* Models */,
				EE4D52C92B48C22E00B7BE2B /* Components */,
			);
			path = TVSeriesOnAir;
			sourceTree = "<group>";
		};
		EE4D52B32B483A9400B7BE2B /* Scenes */ = {
			isa = PBXGroup;
			children = (
				EE4D52B42B483A9D00B7BE2B /* MoviesList */,
				EE4D52B52B483AA900B7BE2B /* MovieDetails */,
			);
			path = Scenes;
			sourceTree = "<group>";
		};
		EE4D52B42B483A9D00B7BE2B /* MoviesList */ = {
			isa = PBXGroup;
			children = (
				EE14C12F2B47F49C00943C09 /* MoviesViewModel.swift */,
				5D7930F52B47F2AA00A1335E /* MoviesView.swift */,
			);
			path = MoviesList;
			sourceTree = "<group>";
		};
		EE4D52B52B483AA900B7BE2B /* MovieDetails */ = {
			isa = PBXGroup;
			children = (
				EE4D52A72B481BD200B7BE2B /* MovieDetailsViewModel.swift */,
				EE4D52A52B481AE900B7BE2B /* MovieDetailsView.swift */,
			);
			path = MovieDetails;
			sourceTree = "<group>";
		};
		EE4D52B62B483AB000B7BE2B /* Model */ = {
			isa = PBXGroup;
			children = (
				EE14C1312B47F4A600943C09 /* MovieModel.swift */,
			);
			path = Model;
			sourceTree = "<group>";
		};
		EE4D52B72B483AB500B7BE2B /* Components */ = {
			isa = PBXGroup;
			children = (
				EE4D52AB2B48247600B7BE2B /* PosterView.swift */,
				EE4D52AF2B482B1200B7BE2B /* RatingStarView.swift */,
				EE4D52B12B482BB800B7BE2B /* VoteAverageView.swift */,
			);
			path = Components;
			sourceTree = "<group>";
		};
		EE4D52B82B483B1200B7BE2B /* Helper */ = {
			isa = PBXGroup;
			children = (
				EE4D52A92B481E8F00B7BE2B /* MovieMockData.swift */,
			);
			path = Helper;
			sourceTree = "<group>";
		};
		EE4D52C52B48AE6900B7BE2B /* Models */ = {
			isa = PBXGroup;
			children = (
				EE4D52BB2B48747B00B7BE2B /* TVSeriesOnAirModel.swift */,
				EE4D52C32B48A74A00B7BE2B /* TVSeriesReviewModel.swift */,
			);
			path = Models;
			sourceTree = "<group>";
		};
		EE4D52C62B48C1D600B7BE2B /* Scenes */ = {
			isa = PBXGroup;
			children = (
				EE4D52C72B48C1E500B7BE2B /* TopTVSeries */,
				EE4D52C82B48C1F700B7BE2B /* TopTVSeriesReviews */,
			);
			path = Scenes;
			sourceTree = "<group>";
		};
		EE4D52C72B48C1E500B7BE2B /* TopTVSeries */ = {
			isa = PBXGroup;
			children = (
				EE4D52B92B48741300B7BE2B /* TVSeriesOnAirViewModel.swift */,
				5D7930FD2B47F2ED00A1335E /* TVSeriesOnAirView.swift */,
			);
			path = TopTVSeries;
			sourceTree = "<group>";
		};
		EE4D52C82B48C1F700B7BE2B /* TopTVSeriesReviews */ = {
			isa = PBXGroup;
			children = (
				EE4D52BF2B488A6900B7BE2B /* TVSeriesReviewsViewModel.swift */,
				EE4D52C12B488B4F00B7BE2B /* TVSeriesReviewsView.swift */,
			);
			path = TopTVSeriesReviews;
			sourceTree = "<group>";
		};
		EE4D52C92B48C22E00B7BE2B /* Components */ = {
			isa = PBXGroup;
			children = (
				EE4D52BD2B4877BE00B7BE2B /* SeriesGridView.swift */,
			);
			path = Components;
			sourceTree = "<group>";
		};
/* End PBXGroup section */

/* Begin PBXNativeTarget section */
		5D7930D62B47E16000A1335E /* CollabSwiftUIGroup3 */ = {
			isa = PBXNativeTarget;
			buildConfigurationList = 5D7930E52B47E16100A1335E /* Build configuration list for PBXNativeTarget "CollabSwiftUIGroup3" */;
			buildPhases = (
				5D7930D32B47E16000A1335E /* Sources */,
				5D7930D42B47E16000A1335E /* Frameworks */,
				5D7930D52B47E16000A1335E /* Resources */,
			);
			buildRules = (
			);
			dependencies = (
			);
			name = CollabSwiftUIGroup3;
			packageProductDependencies = (
				5D7930EF2B47E28400A1335E /* NatenWorking */,
			);
			productName = CollabSwiftUIGroup3;
			productReference = 5D7930D72B47E16000A1335E /* CollabSwiftUIGroup3.app */;
			productType = "com.apple.product-type.application";
		};
/* End PBXNativeTarget section */

/* Begin PBXProject section */
		5D7930CF2B47E16000A1335E /* Project object */ = {
			isa = PBXProject;
			attributes = {
				BuildIndependentTargetsInParallel = 1;
				LastSwiftUpdateCheck = 1500;
				LastUpgradeCheck = 1500;
				TargetAttributes = {
					5D7930D62B47E16000A1335E = {
						CreatedOnToolsVersion = 15.0;
					};
				};
			};
			buildConfigurationList = 5D7930D22B47E16000A1335E /* Build configuration list for PBXProject "CollabSwiftUIGroup3" */;
			compatibilityVersion = "Xcode 14.0";
			developmentRegion = en;
			hasScannedForEncodings = 0;
			knownRegions = (
				en,
				Base,
			);
			mainGroup = 5D7930CE2B47E16000A1335E;
			packageReferences = (
				5D7930EE2B47E28300A1335E /* XCRemoteSwiftPackageReference "NatenWorking" */,
			);
			productRefGroup = 5D7930D82B47E16000A1335E /* Products */;
			projectDirPath = "";
			projectRoot = "";
			targets = (
				5D7930D62B47E16000A1335E /* CollabSwiftUIGroup3 */,
			);
		};
/* End PBXProject section */

/* Begin PBXResourcesBuildPhase section */
		5D7930D52B47E16000A1335E /* Resources */ = {
			isa = PBXResourcesBuildPhase;
			buildActionMask = 2147483647;
			files = (
				5D7930E22B47E16100A1335E /* Preview Assets.xcassets in Resources */,
				5D7930DF2B47E16100A1335E /* Assets.xcassets in Resources */,
			);
			runOnlyForDeploymentPostprocessing = 0;
		};
/* End PBXResourcesBuildPhase section */

/* Begin PBXSourcesBuildPhase section */
		5D7930D32B47E16000A1335E /* Sources */ = {
			isa = PBXSourcesBuildPhase;
			buildActionMask = 2147483647;
			files = (
				EE4D52AC2B48247600B7BE2B /* PosterView.swift in Sources */,
				EE4D52BA2B48741300B7BE2B /* TVSeriesOnAirViewModel.swift in Sources */,
				EE14C1322B47F4A600943C09 /* MovieModel.swift in Sources */,
				5D7930DD2B47E16000A1335E /* ContentView.swift in Sources */,
				5D7930F82B47F2B700A1335E /* PersonsView.swift in Sources */,
				5D7930FC2B47F2DF00A1335E /* CinemaMoviesView.swift in Sources */,
				EE4D52B22B482BB800B7BE2B /* VoteAverageView.swift in Sources */,
				EE4D52A62B481AE900B7BE2B /* MovieDetailsView.swift in Sources */,
				EE4D52BC2B48747B00B7BE2B /* TVSeriesOnAirModel.swift in Sources */,
				EE4D52BE2B4877BE00B7BE2B /* SeriesGridView.swift in Sources */,
				EE4D52A82B481BD200B7BE2B /* MovieDetailsViewModel.swift in Sources */,
				EE4D52AA2B481E8F00B7BE2B /* MovieMockData.swift in Sources */,
				EE4D52C42B48A74A00B7BE2B /* TVSeriesReviewModel.swift in Sources */,
				5D7930FE2B47F2ED00A1335E /* TVSeriesOnAirView.swift in Sources */,
				5D7930F62B47F2AA00A1335E /* MoviesView.swift in Sources */,
				5D7930DB2B47E16000A1335E /* CollabSwiftUIGroup3App.swift in Sources */,
				EE4D52B02B482B1200B7BE2B /* RatingStarView.swift in Sources */,
				EE4D52C02B488A6900B7BE2B /* TVSeriesReviewsViewModel.swift in Sources */,
				EE4D52C22B488B4F00B7BE2B /* TVSeriesReviewsView.swift in Sources */,
				5D7930FA2B47F2C900A1335E /* TVSeriesView.swift in Sources */,
				EE14C1302B47F49C00943C09 /* MoviesViewModel.swift in Sources */,
			);
			runOnlyForDeploymentPostprocessing = 0;
		};
/* End PBXSourcesBuildPhase section */

/* Begin XCBuildConfiguration section */
		5D7930E32B47E16100A1335E /* Debug */ = {
			isa = XCBuildConfiguration;
			buildSettings = {
				ALWAYS_SEARCH_USER_PATHS = NO;
				ASSETCATALOG_COMPILER_GENERATE_SWIFT_ASSET_SYMBOL_EXTENSIONS = YES;
				CLANG_ANALYZER_NONNULL = YES;
				CLANG_ANALYZER_NUMBER_OBJECT_CONVERSION = YES_AGGRESSIVE;
				CLANG_CXX_LANGUAGE_STANDARD = "gnu++20";
				CLANG_ENABLE_MODULES = YES;
				CLANG_ENABLE_OBJC_ARC = YES;
				CLANG_ENABLE_OBJC_WEAK = YES;
				CLANG_WARN_BLOCK_CAPTURE_AUTORELEASING = YES;
				CLANG_WARN_BOOL_CONVERSION = YES;
				CLANG_WARN_COMMA = YES;
				CLANG_WARN_CONSTANT_CONVERSION = YES;
				CLANG_WARN_DEPRECATED_OBJC_IMPLEMENTATIONS = YES;
				CLANG_WARN_DIRECT_OBJC_ISA_USAGE = YES_ERROR;
				CLANG_WARN_DOCUMENTATION_COMMENTS = YES;
				CLANG_WARN_EMPTY_BODY = YES;
				CLANG_WARN_ENUM_CONVERSION = YES;
				CLANG_WARN_INFINITE_RECURSION = YES;
				CLANG_WARN_INT_CONVERSION = YES;
				CLANG_WARN_NON_LITERAL_NULL_CONVERSION = YES;
				CLANG_WARN_OBJC_IMPLICIT_RETAIN_SELF = YES;
				CLANG_WARN_OBJC_LITERAL_CONVERSION = YES;
				CLANG_WARN_OBJC_ROOT_CLASS = YES_ERROR;
				CLANG_WARN_QUOTED_INCLUDE_IN_FRAMEWORK_HEADER = YES;
				CLANG_WARN_RANGE_LOOP_ANALYSIS = YES;
				CLANG_WARN_STRICT_PROTOTYPES = YES;
				CLANG_WARN_SUSPICIOUS_MOVE = YES;
				CLANG_WARN_UNGUARDED_AVAILABILITY = YES_AGGRESSIVE;
				CLANG_WARN_UNREACHABLE_CODE = YES;
				CLANG_WARN__DUPLICATE_METHOD_MATCH = YES;
				COPY_PHASE_STRIP = NO;
				DEBUG_INFORMATION_FORMAT = dwarf;
				ENABLE_STRICT_OBJC_MSGSEND = YES;
				ENABLE_TESTABILITY = YES;
				ENABLE_USER_SCRIPT_SANDBOXING = YES;
				GCC_C_LANGUAGE_STANDARD = gnu17;
				GCC_DYNAMIC_NO_PIC = NO;
				GCC_NO_COMMON_BLOCKS = YES;
				GCC_OPTIMIZATION_LEVEL = 0;
				GCC_PREPROCESSOR_DEFINITIONS = (
					"DEBUG=1",
					"$(inherited)",
				);
				GCC_WARN_64_TO_32_BIT_CONVERSION = YES;
				GCC_WARN_ABOUT_RETURN_TYPE = YES_ERROR;
				GCC_WARN_UNDECLARED_SELECTOR = YES;
				GCC_WARN_UNINITIALIZED_AUTOS = YES_AGGRESSIVE;
				GCC_WARN_UNUSED_FUNCTION = YES;
				GCC_WARN_UNUSED_VARIABLE = YES;
				IPHONEOS_DEPLOYMENT_TARGET = 17.0;
				LOCALIZATION_PREFERS_STRING_CATALOGS = YES;
				MTL_ENABLE_DEBUG_INFO = INCLUDE_SOURCE;
				MTL_FAST_MATH = YES;
				ONLY_ACTIVE_ARCH = YES;
				SDKROOT = iphoneos;
				SWIFT_ACTIVE_COMPILATION_CONDITIONS = "DEBUG $(inherited)";
				SWIFT_OPTIMIZATION_LEVEL = "-Onone";
			};
			name = Debug;
		};
		5D7930E42B47E16100A1335E /* Release */ = {
			isa = XCBuildConfiguration;
			buildSettings = {
				ALWAYS_SEARCH_USER_PATHS = NO;
				ASSETCATALOG_COMPILER_GENERATE_SWIFT_ASSET_SYMBOL_EXTENSIONS = YES;
				CLANG_ANALYZER_NONNULL = YES;
				CLANG_ANALYZER_NUMBER_OBJECT_CONVERSION = YES_AGGRESSIVE;
				CLANG_CXX_LANGUAGE_STANDARD = "gnu++20";
				CLANG_ENABLE_MODULES = YES;
				CLANG_ENABLE_OBJC_ARC = YES;
				CLANG_ENABLE_OBJC_WEAK = YES;
				CLANG_WARN_BLOCK_CAPTURE_AUTORELEASING = YES;
				CLANG_WARN_BOOL_CONVERSION = YES;
				CLANG_WARN_COMMA = YES;
				CLANG_WARN_CONSTANT_CONVERSION = YES;
				CLANG_WARN_DEPRECATED_OBJC_IMPLEMENTATIONS = YES;
				CLANG_WARN_DIRECT_OBJC_ISA_USAGE = YES_ERROR;
				CLANG_WARN_DOCUMENTATION_COMMENTS = YES;
				CLANG_WARN_EMPTY_BODY = YES;
				CLANG_WARN_ENUM_CONVERSION = YES;
				CLANG_WARN_INFINITE_RECURSION = YES;
				CLANG_WARN_INT_CONVERSION = YES;
				CLANG_WARN_NON_LITERAL_NULL_CONVERSION = YES;
				CLANG_WARN_OBJC_IMPLICIT_RETAIN_SELF = YES;
				CLANG_WARN_OBJC_LITERAL_CONVERSION = YES;
				CLANG_WARN_OBJC_ROOT_CLASS = YES_ERROR;
				CLANG_WARN_QUOTED_INCLUDE_IN_FRAMEWORK_HEADER = YES;
				CLANG_WARN_RANGE_LOOP_ANALYSIS = YES;
				CLANG_WARN_STRICT_PROTOTYPES = YES;
				CLANG_WARN_SUSPICIOUS_MOVE = YES;
				CLANG_WARN_UNGUARDED_AVAILABILITY = YES_AGGRESSIVE;
				CLANG_WARN_UNREACHABLE_CODE = YES;
				CLANG_WARN__DUPLICATE_METHOD_MATCH = YES;
				COPY_PHASE_STRIP = NO;
				DEBUG_INFORMATION_FORMAT = "dwarf-with-dsym";
				ENABLE_NS_ASSERTIONS = NO;
				ENABLE_STRICT_OBJC_MSGSEND = YES;
				ENABLE_USER_SCRIPT_SANDBOXING = YES;
				GCC_C_LANGUAGE_STANDARD = gnu17;
				GCC_NO_COMMON_BLOCKS = YES;
				GCC_WARN_64_TO_32_BIT_CONVERSION = YES;
				GCC_WARN_ABOUT_RETURN_TYPE = YES_ERROR;
				GCC_WARN_UNDECLARED_SELECTOR = YES;
				GCC_WARN_UNINITIALIZED_AUTOS = YES_AGGRESSIVE;
				GCC_WARN_UNUSED_FUNCTION = YES;
				GCC_WARN_UNUSED_VARIABLE = YES;
				IPHONEOS_DEPLOYMENT_TARGET = 17.0;
				LOCALIZATION_PREFERS_STRING_CATALOGS = YES;
				MTL_ENABLE_DEBUG_INFO = NO;
				MTL_FAST_MATH = YES;
				SDKROOT = iphoneos;
				SWIFT_COMPILATION_MODE = wholemodule;
				VALIDATE_PRODUCT = YES;
			};
			name = Release;
		};
		5D7930E62B47E16100A1335E /* Debug */ = {
			isa = XCBuildConfiguration;
			buildSettings = {
				ASSETCATALOG_COMPILER_APPICON_NAME = AppIcon;
				ASSETCATALOG_COMPILER_GLOBAL_ACCENT_COLOR_NAME = AccentColor;
				CODE_SIGN_STYLE = Automatic;
				CURRENT_PROJECT_VERSION = 1;
				DEVELOPMENT_ASSET_PATHS = "\"CollabSwiftUIGroup3/Preview Content\"";
				DEVELOPMENT_TEAM = N6PQF93RKP;
				ENABLE_PREVIEWS = YES;
				GENERATE_INFOPLIST_FILE = YES;
				INFOPLIST_KEY_UIApplicationSceneManifest_Generation = YES;
				INFOPLIST_KEY_UIApplicationSupportsIndirectInputEvents = YES;
				INFOPLIST_KEY_UILaunchScreen_Generation = YES;
				INFOPLIST_KEY_UISupportedInterfaceOrientations_iPad = "UIInterfaceOrientationPortrait UIInterfaceOrientationPortraitUpsideDown UIInterfaceOrientationLandscapeLeft UIInterfaceOrientationLandscapeRight";
				INFOPLIST_KEY_UISupportedInterfaceOrientations_iPhone = "UIInterfaceOrientationPortrait UIInterfaceOrientationLandscapeLeft UIInterfaceOrientationLandscapeRight";
				IPHONEOS_DEPLOYMENT_TARGET = 16.0;
				LD_RUNPATH_SEARCH_PATHS = (
					"$(inherited)",
					"@executable_path/Frameworks",
				);
				MARKETING_VERSION = 1.0;
				PRODUCT_BUNDLE_IDENTIFIER = com.nat.CollabSwiftUIGroup3;
				PRODUCT_NAME = "$(TARGET_NAME)";
				SWIFT_EMIT_LOC_STRINGS = YES;
				SWIFT_VERSION = 5.0;
				TARGETED_DEVICE_FAMILY = "1,2";
			};
			name = Debug;
		};
		5D7930E72B47E16100A1335E /* Release */ = {
			isa = XCBuildConfiguration;
			buildSettings = {
				ASSETCATALOG_COMPILER_APPICON_NAME = AppIcon;
				ASSETCATALOG_COMPILER_GLOBAL_ACCENT_COLOR_NAME = AccentColor;
				CODE_SIGN_STYLE = Automatic;
				CURRENT_PROJECT_VERSION = 1;
				DEVELOPMENT_ASSET_PATHS = "\"CollabSwiftUIGroup3/Preview Content\"";
				DEVELOPMENT_TEAM = N6PQF93RKP;
				ENABLE_PREVIEWS = YES;
				GENERATE_INFOPLIST_FILE = YES;
				INFOPLIST_KEY_UIApplicationSceneManifest_Generation = YES;
				INFOPLIST_KEY_UIApplicationSupportsIndirectInputEvents = YES;
				INFOPLIST_KEY_UILaunchScreen_Generation = YES;
				INFOPLIST_KEY_UISupportedInterfaceOrientations_iPad = "UIInterfaceOrientationPortrait UIInterfaceOrientationPortraitUpsideDown UIInterfaceOrientationLandscapeLeft UIInterfaceOrientationLandscapeRight";
				INFOPLIST_KEY_UISupportedInterfaceOrientations_iPhone = "UIInterfaceOrientationPortrait UIInterfaceOrientationLandscapeLeft UIInterfaceOrientationLandscapeRight";
				IPHONEOS_DEPLOYMENT_TARGET = 16.0;
				LD_RUNPATH_SEARCH_PATHS = (
					"$(inherited)",
					"@executable_path/Frameworks",
				);
				MARKETING_VERSION = 1.0;
				PRODUCT_BUNDLE_IDENTIFIER = com.nat.CollabSwiftUIGroup3;
				PRODUCT_NAME = "$(TARGET_NAME)";
				SWIFT_EMIT_LOC_STRINGS = YES;
				SWIFT_VERSION = 5.0;
				TARGETED_DEVICE_FAMILY = "1,2";
			};
			name = Release;
		};
/* End XCBuildConfiguration section */

/* Begin XCConfigurationList section */
		5D7930D22B47E16000A1335E /* Build configuration list for PBXProject "CollabSwiftUIGroup3" */ = {
			isa = XCConfigurationList;
			buildConfigurations = (
				5D7930E32B47E16100A1335E /* Debug */,
				5D7930E42B47E16100A1335E /* Release */,
			);
			defaultConfigurationIsVisible = 0;
			defaultConfigurationName = Release;
		};
		5D7930E52B47E16100A1335E /* Build configuration list for PBXNativeTarget "CollabSwiftUIGroup3" */ = {
			isa = XCConfigurationList;
			buildConfigurations = (
				5D7930E62B47E16100A1335E /* Debug */,
				5D7930E72B47E16100A1335E /* Release */,
			);
			defaultConfigurationIsVisible = 0;
			defaultConfigurationName = Release;
		};
/* End XCConfigurationList section */

/* Begin XCRemoteSwiftPackageReference section */
		5D7930EE2B47E28300A1335E /* XCRemoteSwiftPackageReference "NatenWorking" */ = {
			isa = XCRemoteSwiftPackageReference;
			repositoryURL = "https://github.com/Natenadze/NatenWorking.git";
			requirement = {
				branch = main;
				kind = branch;
			};
		};
/* End XCRemoteSwiftPackageReference section */

/* Begin XCSwiftPackageProductDependency section */
		5D7930EF2B47E28400A1335E /* NatenWorking */ = {
			isa = XCSwiftPackageProductDependency;
			package = 5D7930EE2B47E28300A1335E /* XCRemoteSwiftPackageReference "NatenWorking" */;
			productName = NatenWorking;
		};
/* End XCSwiftPackageProductDependency section */
	};
	rootObject = 5D7930CF2B47E16000A1335E /* Project object */;
}
